
Microsoft Visual Studio Solution File, Format Version 12.00
# Visual Studio Version 17
VisualStudioVersion = 17.7.34202.233
MinimumVisualStudioVersion = 10.0.40219.1
Project("{FAE04EC0-301F-11D3-BF4B-00C04F79EFBC}") = "class_pract", "class_pract.csproj", "{9F53B395-9D9B-47F0-9336-43718C611BE2}"
EndProject
Global
	GlobalSection(SolutionConfigurationPlatforms) = preSolution
		Debug|Any CPU = Debug|Any CPU
		Release|Any CPU = Release|Any CPU
	EndGlobalSection
	GlobalSection(ProjectConfigurationPlatforms) = postSolution
		{9F53B395-9D9B-47F0-9336-43718C611BE2}.Debug|Any CPU.ActiveCfg = Debug|Any CPU
		{9F53B395-9D9B-47F0-9336-43718C611BE2}.Debug|Any CPU.Build.0 = Debug|Any CPU
		{9F53B395-9D9B-47F0-9336-43718C611BE2}.Release|Any CPU.ActiveCfg = Release|Any CPU
		{9F53B395-9D9B-47F0-9336-43718C611BE2}.Release|Any CPU.Build.0 = Release|Any CPU
	EndGlobalSection
	GlobalSection(SolutionProperties) = preSolution
		HideSolutionNode = FALSE
	EndGlobalSection
	GlobalSection(ExtensibilityGlobals) = postSolution
		SolutionGuid = {E60C864E-A565-4E8C-BA79-2946369F42AF}
	EndGlobalSection
EndGlobal
